
Microsoft Visual Studio Solution File, Format Version 12.00
# Visual Studio Version 16
VisualStudioVersion = 16.0.29123.88
MinimumVisualStudioVersion = 10.0.40219.1
Project("{FAE04EC0-301F-11D3-BF4B-00C04F79EFBC}") = "WebApplication1", "WebApplication1\WebApplication1.csproj", "{8D7ABABE-3126-4516-9068-723401B31A6D}"
EndProject
Global
	GlobalSection(SolutionConfigurationPlatforms) = preSolution
		Debug|Any CPU = Debug|Any CPU
		Release|Any CPU = Release|Any CPU
	EndGlobalSection
	GlobalSection(ProjectConfigurationPlatforms) = postSolution
		{8D7ABABE-3126-4516-9068-723401B31A6D}.Debug|Any CPU.ActiveCfg = Debug|Any CPU
		{8D7ABABE-3126-4516-9068-723401B31A6D}.Debug|Any CPU.Build.0 = Debug|Any CPU
		{8D7ABABE-3126-4516-9068-723401B31A6D}.Release|Any CPU.ActiveCfg = Release|Any CPU
		{8D7ABABE-3126-4516-9068-723401B31A6D}.Release|Any CPU.Build.0 = Release|Any CPU
	EndGlobalSection
	GlobalSection(SolutionProperties) = preSolution
		HideSolutionNode = FALSE
	EndGlobalSection
	GlobalSection(ExtensibilityGlobals) = postSolution
		SolutionGuid = {016AA6ED-4E59-4B06-AE33-4868FCBEBC10}
	EndGlobalSection
EndGlobal
