
Microsoft Visual Studio Solution File, Format Version 12.00
# Visual Studio Version 16
VisualStudioVersion = 16.0.29209.152
MinimumVisualStudioVersion = 10.0.40219.1
Project("{FAE04EC0-301F-11D3-BF4B-00C04F79EFBC}") = "BlazorApp1", "BlazorApp1\BlazorApp1.csproj", "{26752207-A167-44E6-ACE8-11AA9052CEC7}"
EndProject
Global
	GlobalSection(SolutionConfigurationPlatforms) = preSolution
		Debug|Any CPU = Debug|Any CPU
		Release|Any CPU = Release|Any CPU
	EndGlobalSection
	GlobalSection(ProjectConfigurationPlatforms) = postSolution
		{26752207-A167-44E6-ACE8-11AA9052CEC7}.Debug|Any CPU.ActiveCfg = Debug|Any CPU
		{26752207-A167-44E6-ACE8-11AA9052CEC7}.Debug|Any CPU.Build.0 = Debug|Any CPU
		{26752207-A167-44E6-ACE8-11AA9052CEC7}.Release|Any CPU.ActiveCfg = Release|Any CPU
		{26752207-A167-44E6-ACE8-11AA9052CEC7}.Release|Any CPU.Build.0 = Release|Any CPU
	EndGlobalSection
	GlobalSection(SolutionProperties) = preSolution
		HideSolutionNode = FALSE
	EndGlobalSection
	GlobalSection(ExtensibilityGlobals) = postSolution
		SolutionGuid = {49FFD966-E036-4ED6-A1EB-53CBCFCE30C8}
	EndGlobalSection
EndGlobal
